Microsoft Visual Studio Solution File, Format Version 12.00
# Visual Studio Version 16
VisualStudioVersion = 16.0.29728.190
MinimumVisualStudioVersion = 10.0.40219.1
Project("{FAE04EC0-301F-11D3-BF4B-00C04F79EFBC}") = "LoginServer", "LoginServer\LoginServer.csproj", "{3508095A-DE0F-4FEA-8717-962D0388B5E4}"
EndProject
Project("{9A19103F-16F7-4668-BE54-9A1E7A4F7556}") = "ServerUtility", "ServerUtility\ServerUtility.csproj", "{00362684-FB0A-44FA-8EA5-9A8E3768DEC0}"
EndProject
Project("{2150E333-8FDC-42A3-9474-1A3956D46DE8}") = "Libiray", "Libiray", "{0143BB0F-4621-4F35-A83C-168FE4C2833A}"
EndProject
Project("{FAE04EC0-301F-11D3-BF4B-00C04F79EFBC}") = "XNet.Libs", "..\..\GameCore\XNet\XNet.Libs.csproj", "{015D6682-10EE-4B67-968C-85D4D0C14E89}"
EndProject
Project("{FAE04EC0-301F-11D3-BF4B-00C04F79EFBC}") = "GateServer", "GServer\GateServer.csproj", "{41B3C7CD-BAA4-4603-A948-E406EC729A61}"
EndProject
Project("{FAE04EC0-301F-11D3-BF4B-00C04F79EFBC}") = "ServerUnitTest", "ServerUnitTest\ServerUnitTest.csproj", "{8FC266EF-43EC-4F39-92A2-A743EDD7BB0F}"
EndProject
Project("{FAE04EC0-301F-11D3-BF4B-00C04F79EFBC}") = "Xsoft.Proto", "..\..\PublicTools\src\csharp\Xsoft.Proto.csproj", "{16BED5D6-F661-45AE-80F8-58BA0ABF3818}"
EndProject
Project("{FAE04EC0-301F-11D3-BF4B-00C04F79EFBC}") = "ChatServer", "ChatServer\ChatServer.csproj", "{21514259-78EE-4F58-8355-ADD5E29B9D17}"
EndProject
Project("{2150E333-8FDC-42A3-9474-1A3956D46DE8}") = "ChatServers", "ChatServers", "{EA0FB9DB-CE3C-410F-B2DC-1C551791F3D8}"
EndProject
Project("{FAE04EC0-301F-11D3-BF4B-00C04F79EFBC}") = "NotifyServer", "NotifyServer\NotifyServer.csproj", "{FD11F3A7-1F08-4D44-8198-FFC8BE2B6984}"
EndProject
Project("{FAE04EC0-301F-11D3-BF4B-00C04F79EFBC}") = "ChatTool", "ChatTool\ChatTool.csproj", "{F7418F9A-39FE-4F9A-897E-19C7243154E2}"
EndProject
Project("{FAE04EC0-301F-11D3-BF4B-00C04F79EFBC}") = "MatchServer", "MatchServer\MatchServer.csproj", "{3E429097-DAB1-45CF-9306-AF94416CDEAF}"
EndProject
Global
	GlobalSection(SolutionConfigurationPlatforms) = preSolution
		Debug - Mono Strict|Any CPU = Debug - Mono Strict|Any CPU
		Debug - Mono Strict|x86 = Debug - Mono Strict|x86
		Debug|Any CPU = Debug|Any CPU
		Debug|x86 = Debug|x86
		DebugMono|Any CPU = DebugMono|Any CPU
		DebugMono|x86 = DebugMono|x86
		Documentation|Any CPU = Documentation|Any CPU
		Documentation|x86 = Documentation|x86
		Nsis|Any CPU = Nsis|Any CPU
		Nsis|x86 = Nsis|x86
		Release|Any CPU = Release|Any CPU
		Release|x86 = Release|x86
		ReleaseMono|Any CPU = ReleaseMono|Any CPU
		ReleaseMono|x86 = ReleaseMono|x86
	EndGlobalSection
	GlobalSection(ProjectConfigurationPlatforms) = postSolution
		{3508095A-DE0F-4FEA-8717-962D0388B5E4}.Debug - Mono Strict|Any CPU.ActiveCfg = Debug|Any CPU
		{3508095A-DE0F-4FEA-8717-962D0388B5E4}.Debug - Mono Strict|Any CPU.Build.0 = Debug|Any CPU
		{3508095A-DE0F-4FEA-8717-962D0388B5E4}.Debug - Mono Strict|x86.ActiveCfg = Debug|Any CPU
		{3508095A-DE0F-4FEA-8717-962D0388B5E4}.Debug - Mono Strict|x86.Build.0 = Debug|Any CPU
		{3508095A-DE0F-4FEA-8717-962D0388B5E4}.Debug|Any CPU.ActiveCfg = Debug|Any CPU
		{3508095A-DE0F-4FEA-8717-962D0388B5E4}.Debug|Any CPU.Build.0 = Debug|Any CPU
		{3508095A-DE0F-4FEA-8717-962D0388B5E4}.Debug|x86.ActiveCfg = Debug|Any CPU
		{3508095A-DE0F-4FEA-8717-962D0388B5E4}.Debug|x86.Build.0 = Debug|Any CPU
		{3508095A-DE0F-4FEA-8717-962D0388B5E4}.DebugMono|Any CPU.ActiveCfg = Debug|Any CPU
		{3508095A-DE0F-4FEA-8717-962D0388B5E4}.DebugMono|Any CPU.Build.0 = Debug|Any CPU
		{3508095A-DE0F-4FEA-8717-962D0388B5E4}.DebugMono|x86.ActiveCfg = Debug|Any CPU
		{3508095A-DE0F-4FEA-8717-962D0388B5E4}.DebugMono|x86.Build.0 = Debug|Any CPU
		{3508095A-DE0F-4FEA-8717-962D0388B5E4}.Documentation|Any CPU.ActiveCfg = Debug|Any CPU
		{3508095A-DE0F-4FEA-8717-962D0388B5E4}.Documentation|Any CPU.Build.0 = Debug|Any CPU
		{3508095A-DE0F-4FEA-8717-962D0388B5E4}.Documentation|x86.ActiveCfg = Debug|Any CPU
		{3508095A-DE0F-4FEA-8717-962D0388B5E4}.Documentation|x86.Build.0 = Debug|Any CPU
		{3508095A-DE0F-4FEA-8717-962D0388B5E4}.Nsis|Any CPU.ActiveCfg = Release|Any CPU
		{3508095A-DE0F-4FEA-8717-962D0388B5E4}.Nsis|Any CPU.Build.0 = Release|Any CPU
		{3508095A-DE0F-4FEA-8717-962D0388B5E4}.Nsis|x86.ActiveCfg = Release|Any CPU
		{3508095A-DE0F-4FEA-8717-962D0388B5E4}.Nsis|x86.Build.0 = Release|Any CPU
		{3508095A-DE0F-4FEA-8717-962D0388B5E4}.Release|Any CPU.ActiveCfg = Release|Any CPU
		{3508095A-DE0F-4FEA-8717-962D0388B5E4}.Release|Any CPU.Build.0 = Release|Any CPU
		{3508095A-DE0F-4FEA-8717-962D0388B5E4}.Release|x86.ActiveCfg = Release|Any CPU
		{3508095A-DE0F-4FEA-8717-962D0388B5E4}.Release|x86.Build.0 = Release|Any CPU
		{3508095A-DE0F-4FEA-8717-962D0388B5E4}.ReleaseMono|Any CPU.ActiveCfg = Release|Any CPU
		{3508095A-DE0F-4FEA-8717-962D0388B5E4}.ReleaseMono|Any CPU.Build.0 = Release|Any CPU
		{3508095A-DE0F-4FEA-8717-962D0388B5E4}.ReleaseMono|x86.ActiveCfg = Release|Any CPU
		{3508095A-DE0F-4FEA-8717-962D0388B5E4}.ReleaseMono|x86.Build.0 = Release|Any CPU
		{00362684-FB0A-44FA-8EA5-9A8E3768DEC0}.Debug - Mono Strict|Any CPU.ActiveCfg = Debug|Any CPU
		{00362684-FB0A-44FA-8EA5-9A8E3768DEC0}.Debug - Mono Strict|Any CPU.Build.0 = Debug|Any CPU
		{00362684-FB0A-44FA-8EA5-9A8E3768DEC0}.Debug - Mono Strict|x86.ActiveCfg = Debug|Any CPU
		{00362684-FB0A-44FA-8EA5-9A8E3768DEC0}.Debug - Mono Strict|x86.Build.0 = Debug|Any CPU
		{00362684-FB0A-44FA-8EA5-9A8E3768DEC0}.Debug|Any CPU.ActiveCfg = Debug|Any CPU
		{00362684-FB0A-44FA-8EA5-9A8E3768DEC0}.Debug|Any CPU.Build.0 = Debug|Any CPU
		{00362684-FB0A-44FA-8EA5-9A8E3768DEC0}.Debug|x86.ActiveCfg = Debug|Any CPU
		{00362684-FB0A-44FA-8EA5-9A8E3768DEC0}.Debug|x86.Build.0 = Debug|Any CPU
		{00362684-FB0A-44FA-8EA5-9A8E3768DEC0}.DebugMono|Any CPU.ActiveCfg = Debug|Any CPU
		{00362684-FB0A-44FA-8EA5-9A8E3768DEC0}.DebugMono|Any CPU.Build.0 = Debug|Any CPU
		{00362684-FB0A-44FA-8EA5-9A8E3768DEC0}.DebugMono|x86.ActiveCfg = Debug|Any CPU
		{00362684-FB0A-44FA-8EA5-9A8E3768DEC0}.DebugMono|x86.Build.0 = Debug|Any CPU
		{00362684-FB0A-44FA-8EA5-9A8E3768DEC0}.Documentation|Any CPU.ActiveCfg = Debug|Any CPU
		{00362684-FB0A-44FA-8EA5-9A8E3768DEC0}.Documentation|Any CPU.Build.0 = Debug|Any CPU
		{00362684-FB0A-44FA-8EA5-9A8E3768DEC0}.Documentation|x86.ActiveCfg = Debug|Any CPU
		{00362684-FB0A-44FA-8EA5-9A8E3768DEC0}.Documentation|x86.Build.0 = Debug|Any CPU
		{00362684-FB0A-44FA-8EA5-9A8E3768DEC0}.Nsis|Any CPU.ActiveCfg = Debug|Any CPU
		{00362684-FB0A-44FA-8EA5-9A8E3768DEC0}.Nsis|Any CPU.Build.0 = Debug|Any CPU
		{00362684-FB0A-44FA-8EA5-9A8E3768DEC0}.Nsis|x86.ActiveCfg = Release|Any CPU
		{00362684-FB0A-44FA-8EA5-9A8E3768DEC0}.Nsis|x86.Build.0 = Release|Any CPU
		{00362684-FB0A-44FA-8EA5-9A8E3768DEC0}.Release|Any CPU.ActiveCfg = Release|Any CPU
		{00362684-FB0A-44FA-8EA5-9A8E3768DEC0}.Release|Any CPU.Build.0 = Release|Any CPU
		{00362684-FB0A-44FA-8EA5-9A8E3768DEC0}.Release|x86.ActiveCfg = Release|Any CPU
		{00362684-FB0A-44FA-8EA5-9A8E3768DEC0}.Release|x86.Build.0 = Release|Any CPU
		{00362684-FB0A-44FA-8EA5-9A8E3768DEC0}.ReleaseMono|Any CPU.ActiveCfg = Debug|Any CPU
		{00362684-FB0A-44FA-8EA5-9A8E3768DEC0}.ReleaseMono|Any CPU.Build.0 = Debug|Any CPU
		{00362684-FB0A-44FA-8EA5-9A8E3768DEC0}.ReleaseMono|x86.ActiveCfg = Release|Any CPU
		{00362684-FB0A-44FA-8EA5-9A8E3768DEC0}.ReleaseMono|x86.Build.0 = Release|Any CPU
		{015D6682-10EE-4B67-968C-85D4D0C14E89}.Debug - Mono Strict|Any CPU.ActiveCfg = Debug|Any CPU
		{015D6682-10EE-4B67-968C-85D4D0C14E89}.Debug - Mono Strict|Any CPU.Build.0 = Debug|Any CPU
		{015D6682-10EE-4B67-968C-85D4D0C14E89}.Debug - Mono Strict|x86.ActiveCfg = Debug|Any CPU
		{015D6682-10EE-4B67-968C-85D4D0C14E89}.Debug|Any CPU.ActiveCfg = Debug|Any CPU
		{015D6682-10EE-4B67-968C-85D4D0C14E89}.Debug|Any CPU.Build.0 = Debug|Any CPU
		{015D6682-10EE-4B67-968C-85D4D0C14E89}.Debug|x86.ActiveCfg = Debug|Any CPU
		{015D6682-10EE-4B67-968C-85D4D0C14E89}.DebugMono|Any CPU.ActiveCfg = Debug|Any CPU
		{015D6682-10EE-4B67-968C-85D4D0C14E89}.DebugMono|Any CPU.Build.0 = Debug|Any CPU
		{015D6682-10EE-4B67-968C-85D4D0C14E89}.DebugMono|x86.ActiveCfg = Debug|Any CPU
		{015D6682-10EE-4B67-968C-85D4D0C14E89}.Documentation|Any CPU.ActiveCfg = Debug|Any CPU
		{015D6682-10EE-4B67-968C-85D4D0C14E89}.Documentation|x86.ActiveCfg = Debug|Any CPU
		{015D6682-10EE-4B67-968C-85D4D0C14E89}.Nsis|Any CPU.ActiveCfg = Debug|Any CPU
		{015D6682-10EE-4B67-968C-85D4D0C14E89}.Nsis|x86.ActiveCfg = Debug|Any CPU
		{015D6682-10EE-4B67-968C-85D4D0C14E89}.Release|Any CPU.ActiveCfg = Debug|Any CPU
		{015D6682-10EE-4B67-968C-85D4D0C14E89}.Release|x86.ActiveCfg = Debug|Any CPU
		{015D6682-10EE-4B67-968C-85D4D0C14E89}.ReleaseMono|Any CPU.ActiveCfg = Debug|Any CPU
		{015D6682-10EE-4B67-968C-85D4D0C14E89}.ReleaseMono|x86.ActiveCfg = Debug|Any CPU
		{41B3C7CD-BAA4-4603-A948-E406EC729A61}.Debug - Mono Strict|Any CPU.ActiveCfg = Debug|Any CPU
		{41B3C7CD-BAA4-4603-A948-E406EC729A61}.Debug - Mono Strict|Any CPU.Build.0 = Debug|Any CPU
		{41B3C7CD-BAA4-4603-A948-E406EC729A61}.Debug - Mono Strict|x86.ActiveCfg = Debug|Any CPU
		{41B3C7CD-BAA4-4603-A948-E406EC729A61}.Debug - Mono Strict|x86.Build.0 = Debug|Any CPU
		{41B3C7CD-BAA4-4603-A948-E406EC729A61}.Debug|Any CPU.ActiveCfg = Debug|Any CPU
		{41B3C7CD-BAA4-4603-A948-E406EC729A61}.Debug|Any CPU.Build.0 = Debug|Any CPU
		{41B3C7CD-BAA4-4603-A948-E406EC729A61}.Debug|x86.ActiveCfg = Debug|Any CPU
		{41B3C7CD-BAA4-4603-A948-E406EC729A61}.Debug|x86.Build.0 = Debug|Any CPU
		{41B3C7CD-BAA4-4603-A948-E406EC729A61}.DebugMono|Any CPU.ActiveCfg = Debug|Any CPU
		{41B3C7CD-BAA4-4603-A948-E406EC729A61}.DebugMono|Any CPU.Build.0 = Debug|Any CPU
		{41B3C7CD-BAA4-4603-A948-E406EC729A61}.DebugMono|x86.ActiveCfg = Debug|Any CPU
		{41B3C7CD-BAA4-4603-A948-E406EC729A61}.DebugMono|x86.Build.0 = Debug|Any CPU
		{41B3C7CD-BAA4-4603-A948-E406EC729A61}.Documentation|Any CPU.ActiveCfg = Debug|Any CPU
		{41B3C7CD-BAA4-4603-A948-E406EC729A61}.Documentation|Any CPU.Build.0 = Debug|Any CPU
		{41B3C7CD-BAA4-4603-A948-E406EC729A61}.Documentation|x86.ActiveCfg = Debug|Any CPU
		{41B3C7CD-BAA4-4603-A948-E406EC729A61}.Documentation|x86.Build.0 = Debug|Any CPU
		{41B3C7CD-BAA4-4603-A948-E406EC729A61}.Nsis|Any CPU.ActiveCfg = Release|Any CPU
		{41B3C7CD-BAA4-4603-A948-E406EC729A61}.Nsis|Any CPU.Build.0 = Release|Any CPU
		{41B3C7CD-BAA4-4603-A948-E406EC729A61}.Nsis|x86.ActiveCfg = Release|Any CPU
		{41B3C7CD-BAA4-4603-A948-E406EC729A61}.Nsis|x86.Build.0 = Release|Any CPU
		{41B3C7CD-BAA4-4603-A948-E406EC729A61}.Release|Any CPU.ActiveCfg = Release|Any CPU
		{41B3C7CD-BAA4-4603-A948-E406EC729A61}.Release|Any CPU.Build.0 = Release|Any CPU
		{41B3C7CD-BAA4-4603-A948-E406EC729A61}.Release|x86.ActiveCfg = Release|Any CPU
		{41B3C7CD-BAA4-4603-A948-E406EC729A61}.Release|x86.Build.0 = Release|Any CPU
		{41B3C7CD-BAA4-4603-A948-E406EC729A61}.ReleaseMono|Any CPU.ActiveCfg = Release|Any CPU
		{41B3C7CD-BAA4-4603-A948-E406EC729A61}.ReleaseMono|Any CPU.Build.0 = Release|Any CPU
		{41B3C7CD-BAA4-4603-A948-E406EC729A61}.ReleaseMono|x86.ActiveCfg = Release|Any CPU
		{41B3C7CD-BAA4-4603-A948-E406EC729A61}.ReleaseMono|x86.Build.0 = Release|Any CPU
		{8FC266EF-43EC-4F39-92A2-A743EDD7BB0F}.Debug - Mono Strict|Any CPU.ActiveCfg = Debug|Any CPU
		{8FC266EF-43EC-4F39-92A2-A743EDD7BB0F}.Debug - Mono Strict|Any CPU.Build.0 = Debug|Any CPU
		{8FC266EF-43EC-4F39-92A2-A743EDD7BB0F}.Debug - Mono Strict|x86.ActiveCfg = Debug|Any CPU
		{8FC266EF-43EC-4F39-92A2-A743EDD7BB0F}.Debug - Mono Strict|x86.Build.0 = Debug|Any CPU
		{8FC266EF-43EC-4F39-92A2-A743EDD7BB0F}.Debug|Any CPU.ActiveCfg = Debug|Any CPU
		{8FC266EF-43EC-4F39-92A2-A743EDD7BB0F}.Debug|Any CPU.Build.0 = Debug|Any CPU
		{8FC266EF-43EC-4F39-92A2-A743EDD7BB0F}.Debug|x86.ActiveCfg = Debug|Any CPU
		{8FC266EF-43EC-4F39-92A2-A743EDD7BB0F}.Debug|x86.Build.0 = Debug|Any CPU
		{8FC266EF-43EC-4F39-92A2-A743EDD7BB0F}.DebugMono|Any CPU.ActiveCfg = Debug|Any CPU
		{8FC266EF-43EC-4F39-92A2-A743EDD7BB0F}.DebugMono|Any CPU.Build.0 = Debug|Any CPU
		{8FC266EF-43EC-4F39-92A2-A743EDD7BB0F}.DebugMono|x86.ActiveCfg = Debug|Any CPU
		{8FC266EF-43EC-4F39-92A2-A743EDD7BB0F}.DebugMono|x86.Build.0 = Debug|Any CPU
		{8FC266EF-43EC-4F39-92A2-A743EDD7BB0F}.Documentation|Any CPU.ActiveCfg = Debug|Any CPU
		{8FC266EF-43EC-4F39-92A2-A743EDD7BB0F}.Documentation|Any CPU.Build.0 = Debug|Any CPU
		{8FC266EF-43EC-4F39-92A2-A743EDD7BB0F}.Documentation|x86.ActiveCfg = Debug|Any CPU
		{8FC266EF-43EC-4F39-92A2-A743EDD7BB0F}.Documentation|x86.Build.0 = Debug|Any CPU
		{8FC266EF-43EC-4F39-92A2-A743EDD7BB0F}.Nsis|Any CPU.ActiveCfg = Debug|Any CPU
		{8FC266EF-43EC-4F39-92A2-A743EDD7BB0F}.Nsis|Any CPU.Build.0 = Debug|Any CPU
		{8FC266EF-43EC-4F39-92A2-A743EDD7BB0F}.Nsis|x86.ActiveCfg = Release|Any CPU
		{8FC266EF-43EC-4F39-92A2-A743EDD7BB0F}.Nsis|x86.Build.0 = Release|Any CPU
		{8FC266EF-43EC-4F39-92A2-A743EDD7BB0F}.Release|Any CPU.ActiveCfg = Release|Any CPU
		{8FC266EF-43EC-4F39-92A2-A743EDD7BB0F}.Release|Any CPU.Build.0 = Release|Any CPU
		{8FC266EF-43EC-4F39-92A2-A743EDD7BB0F}.Release|x86.ActiveCfg = Release|Any CPU
		{8FC266EF-43EC-4F39-92A2-A743EDD7BB0F}.Release|x86.Build.0 = Release|Any CPU
		{8FC266EF-43EC-4F39-92A2-A743EDD7BB0F}.ReleaseMono|Any CPU.ActiveCfg = Debug|Any CPU
		{8FC266EF-43EC-4F39-92A2-A743EDD7BB0F}.ReleaseMono|Any CPU.Build.0 = Debug|Any CPU
		{8FC266EF-43EC-4F39-92A2-A743EDD7BB0F}.ReleaseMono|x86.ActiveCfg = Release|Any CPU
		{8FC266EF-43EC-4F39-92A2-A743EDD7BB0F}.ReleaseMono|x86.Build.0 = Release|Any CPU
		{16BED5D6-F661-45AE-80F8-58BA0ABF3818}.Debug - Mono Strict|Any CPU.ActiveCfg = Debug|Any CPU
		{16BED5D6-F661-45AE-80F8-58BA0ABF3818}.Debug - Mono Strict|Any CPU.Build.0 = Debug|Any CPU
		{16BED5D6-F661-45AE-80F8-58BA0ABF3818}.Debug - Mono Strict|x86.ActiveCfg = Debug|Any CPU
		{16BED5D6-F661-45AE-80F8-58BA0ABF3818}.Debug - Mono Strict|x86.Build.0 = Debug|Any CPU
		{16BED5D6-F661-45AE-80F8-58BA0ABF3818}.Debug|Any CPU.ActiveCfg = Debug|Any CPU
		{16BED5D6-F661-45AE-80F8-58BA0ABF3818}.Debug|Any CPU.Build.0 = Debug|Any CPU
		{16BED5D6-F661-45AE-80F8-58BA0ABF3818}.Debug|x86.ActiveCfg = Debug|Any CPU
		{16BED5D6-F661-45AE-80F8-58BA0ABF3818}.Debug|x86.Build.0 = Debug|Any CPU
		{16BED5D6-F661-45AE-80F8-58BA0ABF3818}.DebugMono|Any CPU.ActiveCfg = Debug|Any CPU
		{16BED5D6-F661-45AE-80F8-58BA0ABF3818}.DebugMono|Any CPU.Build.0 = Debug|Any CPU
		{16BED5D6-F661-45AE-80F8-58BA0ABF3818}.DebugMono|x86.ActiveCfg = Debug|Any CPU
		{16BED5D6-F661-45AE-80F8-58BA0ABF3818}.DebugMono|x86.Build.0 = Debug|Any CPU
		{16BED5D6-F661-45AE-80F8-58BA0ABF3818}.Documentation|Any CPU.ActiveCfg = Debug|Any CPU
		{16BED5D6-F661-45AE-80F8-58BA0ABF3818}.Documentation|Any CPU.Build.0 = Debug|Any CPU
		{16BED5D6-F661-45AE-80F8-58BA0ABF3818}.Documentation|x86.ActiveCfg = Debug|Any CPU
		{16BED5D6-F661-45AE-80F8-58BA0ABF3818}.Documentation|x86.Build.0 = Debug|Any CPU
		{16BED5D6-F661-45AE-80F8-58BA0ABF3818}.Nsis|Any CPU.ActiveCfg = Release|Any CPU
		{16BED5D6-F661-45AE-80F8-58BA0ABF3818}.Nsis|Any CPU.Build.0 = Release|Any CPU
		{16BED5D6-F661-45AE-80F8-58BA0ABF3818}.Nsis|x86.ActiveCfg = Release|Any CPU
		{16BED5D6-F661-45AE-80F8-58BA0ABF3818}.Nsis|x86.Build.0 = Release|Any CPU
		{16BED5D6-F661-45AE-80F8-58BA0ABF3818}.Release|Any CPU.ActiveCfg = Release|Any CPU
		{16BED5D6-F661-45AE-80F8-58BA0ABF3818}.Release|Any CPU.Build.0 = Release|Any CPU
		{16BED5D6-F661-45AE-80F8-58BA0ABF3818}.Release|x86.ActiveCfg = Release|Any CPU
		{16BED5D6-F661-45AE-80F8-58BA0ABF3818}.Release|x86.Build.0 = Release|Any CPU
		{16BED5D6-F661-45AE-80F8-58BA0ABF3818}.ReleaseMono|Any CPU.ActiveCfg = Release|Any CPU
		{16BED5D6-F661-45AE-80F8-58BA0ABF3818}.ReleaseMono|Any CPU.Build.0 = Release|Any CPU
		{16BED5D6-F661-45AE-80F8-58BA0ABF3818}.ReleaseMono|x86.ActiveCfg = Release|Any CPU
		{16BED5D6-F661-45AE-80F8-58BA0ABF3818}.ReleaseMono|x86.Build.0 = Release|Any CPU
		{21514259-78EE-4F58-8355-ADD5E29B9D17}.Debug - Mono Strict|Any CPU.ActiveCfg = Debug|Any CPU
		{21514259-78EE-4F58-8355-ADD5E29B9D17}.Debug - Mono Strict|Any CPU.Build.0 = Debug|Any CPU
		{21514259-78EE-4F58-8355-ADD5E29B9D17}.Debug - Mono Strict|x86.ActiveCfg = Debug|Any CPU
		{21514259-78EE-4F58-8355-ADD5E29B9D17}.Debug - Mono Strict|x86.Build.0 = Debug|Any CPU
		{21514259-78EE-4F58-8355-ADD5E29B9D17}.Debug|Any CPU.ActiveCfg = Debug|Any CPU
		{21514259-78EE-4F58-8355-ADD5E29B9D17}.Debug|Any CPU.Build.0 = Debug|Any CPU
		{21514259-78EE-4F58-8355-ADD5E29B9D17}.Debug|x86.ActiveCfg = Debug|Any CPU
		{21514259-78EE-4F58-8355-ADD5E29B9D17}.Debug|x86.Build.0 = Debug|Any CPU
		{21514259-78EE-4F58-8355-ADD5E29B9D17}.DebugMono|Any CPU.ActiveCfg = Debug|Any CPU
		{21514259-78EE-4F58-8355-ADD5E29B9D17}.DebugMono|Any CPU.Build.0 = Debug|Any CPU
		{21514259-78EE-4F58-8355-ADD5E29B9D17}.DebugMono|x86.ActiveCfg = Debug|Any CPU
		{21514259-78EE-4F58-8355-ADD5E29B9D17}.DebugMono|x86.Build.0 = Debug|Any CPU
		{21514259-78EE-4F58-8355-ADD5E29B9D17}.Documentation|Any CPU.ActiveCfg = Debug|Any CPU
		{21514259-78EE-4F58-8355-ADD5E29B9D17}.Documentation|Any CPU.Build.0 = Debug|Any CPU
		{21514259-78EE-4F58-8355-ADD5E29B9D17}.Documentation|x86.ActiveCfg = Debug|Any CPU
		{21514259-78EE-4F58-8355-ADD5E29B9D17}.Documentation|x86.Build.0 = Debug|Any CPU
		{21514259-78EE-4F58-8355-ADD5E29B9D17}.Nsis|Any CPU.ActiveCfg = Release|Any CPU
		{21514259-78EE-4F58-8355-ADD5E29B9D17}.Nsis|Any CPU.Build.0 = Release|Any CPU
		{21514259-78EE-4F58-8355-ADD5E29B9D17}.Nsis|x86.ActiveCfg = Release|Any CPU
		{21514259-78EE-4F58-8355-ADD5E29B9D17}.Nsis|x86.Build.0 = Release|Any CPU
		{21514259-78EE-4F58-8355-ADD5E29B9D17}.Release|Any CPU.ActiveCfg = Release|Any CPU
		{21514259-78EE-4F58-8355-ADD5E29B9D17}.Release|Any CPU.Build.0 = Release|Any CPU
		{21514259-78EE-4F58-8355-ADD5E29B9D17}.Release|x86.ActiveCfg = Release|Any CPU
		{21514259-78EE-4F58-8355-ADD5E29B9D17}.Release|x86.Build.0 = Release|Any CPU
		{21514259-78EE-4F58-8355-ADD5E29B9D17}.ReleaseMono|Any CPU.ActiveCfg = Release|Any CPU
		{21514259-78EE-4F58-8355-ADD5E29B9D17}.ReleaseMono|Any CPU.Build.0 = Release|Any CPU
		{21514259-78EE-4F58-8355-ADD5E29B9D17}.ReleaseMono|x86.ActiveCfg = Release|Any CPU
		{21514259-78EE-4F58-8355-ADD5E29B9D17}.ReleaseMono|x86.Build.0 = Release|Any CPU
		{FD11F3A7-1F08-4D44-8198-FFC8BE2B6984}.Debug - Mono Strict|Any CPU.ActiveCfg = Debug|Any CPU
		{FD11F3A7-1F08-4D44-8198-FFC8BE2B6984}.Debug - Mono Strict|Any CPU.Build.0 = Debug|Any CPU
		{FD11F3A7-1F08-4D44-8198-FFC8BE2B6984}.Debug - Mono Strict|x86.ActiveCfg = Debug|Any CPU
		{FD11F3A7-1F08-4D44-8198-FFC8BE2B6984}.Debug - Mono Strict|x86.Build.0 = Debug|Any CPU
		{FD11F3A7-1F08-4D44-8198-FFC8BE2B6984}.Debug|Any CPU.ActiveCfg = Debug|Any CPU
		{FD11F3A7-1F08-4D44-8198-FFC8BE2B6984}.Debug|Any CPU.Build.0 = Debug|Any CPU
		{FD11F3A7-1F08-4D44-8198-FFC8BE2B6984}.Debug|x86.ActiveCfg = Debug|Any CPU
		{FD11F3A7-1F08-4D44-8198-FFC8BE2B6984}.Debug|x86.Build.0 = Debug|Any CPU
		{FD11F3A7-1F08-4D44-8198-FFC8BE2B6984}.DebugMono|Any CPU.ActiveCfg = Debug|Any CPU
		{FD11F3A7-1F08-4D44-8198-FFC8BE2B6984}.DebugMono|Any CPU.Build.0 = Debug|Any CPU
		{FD11F3A7-1F08-4D44-8198-FFC8BE2B6984}.DebugMono|x86.ActiveCfg = Debug|Any CPU
		{FD11F3A7-1F08-4D44-8198-FFC8BE2B6984}.DebugMono|x86.Build.0 = Debug|Any CPU
		{FD11F3A7-1F08-4D44-8198-FFC8BE2B6984}.Documentation|Any CPU.ActiveCfg = Debug|Any CPU
		{FD11F3A7-1F08-4D44-8198-FFC8BE2B6984}.Documentation|Any CPU.Build.0 = Debug|Any CPU
		{FD11F3A7-1F08-4D44-8198-FFC8BE2B6984}.Documentation|x86.ActiveCfg = Debug|Any CPU
		{FD11F3A7-1F08-4D44-8198-FFC8BE2B6984}.Documentation|x86.Build.0 = Debug|Any CPU
		{FD11F3A7-1F08-4D44-8198-FFC8BE2B6984}.Nsis|Any CPU.ActiveCfg = Release|Any CPU
		{FD11F3A7-1F08-4D44-8198-FFC8BE2B6984}.Nsis|Any CPU.Build.0 = Release|Any CPU
		{FD11F3A7-1F08-4D44-8198-FFC8BE2B6984}.Nsis|x86.ActiveCfg = Release|Any CPU
		{FD11F3A7-1F08-4D44-8198-FFC8BE2B6984}.Nsis|x86.Build.0 = Release|Any CPU
		{FD11F3A7-1F08-4D44-8198-FFC8BE2B6984}.Release|Any CPU.ActiveCfg = Release|Any CPU
		{FD11F3A7-1F08-4D44-8198-FFC8BE2B6984}.Release|Any CPU.Build.0 = Release|Any CPU
		{FD11F3A7-1F08-4D44-8198-FFC8BE2B6984}.Release|x86.ActiveCfg = Release|Any CPU
		{FD11F3A7-1F08-4D44-8198-FFC8BE2B6984}.Release|x86.Build.0 = Release|Any CPU
		{FD11F3A7-1F08-4D44-8198-FFC8BE2B6984}.ReleaseMono|Any CPU.ActiveCfg = Release|Any CPU
		{FD11F3A7-1F08-4D44-8198-FFC8BE2B6984}.ReleaseMono|Any CPU.Build.0 = Release|Any CPU
		{FD11F3A7-1F08-4D44-8198-FFC8BE2B6984}.ReleaseMono|x86.ActiveCfg = Release|Any CPU
		{FD11F3A7-1F08-4D44-8198-FFC8BE2B6984}.ReleaseMono|x86.Build.0 = Release|Any CPU
		{F7418F9A-39FE-4F9A-897E-19C7243154E2}.Debug - Mono Strict|Any CPU.ActiveCfg = Debug|Any CPU
		{F7418F9A-39FE-4F9A-897E-19C7243154E2}.Debug - Mono Strict|Any CPU.Build.0 = Debug|Any CPU
		{F7418F9A-39FE-4F9A-897E-19C7243154E2}.Debug - Mono Strict|x86.ActiveCfg = Debug|Any CPU
		{F7418F9A-39FE-4F9A-897E-19C7243154E2}.Debug - Mono Strict|x86.Build.0 = Debug|Any CPU
		{F7418F9A-39FE-4F9A-897E-19C7243154E2}.Debug|Any CPU.ActiveCfg = Debug|Any CPU
		{F7418F9A-39FE-4F9A-897E-19C7243154E2}.Debug|Any CPU.Build.0 = Debug|Any CPU
		{F7418F9A-39FE-4F9A-897E-19C7243154E2}.Debug|x86.ActiveCfg = Debug|Any CPU
		{F7418F9A-39FE-4F9A-897E-19C7243154E2}.Debug|x86.Build.0 = Debug|Any CPU
		{F7418F9A-39FE-4F9A-897E-19C7243154E2}.DebugMono|Any CPU.ActiveCfg = Debug|Any CPU
		{F7418F9A-39FE-4F9A-897E-19C7243154E2}.DebugMono|Any CPU.Build.0 = Debug|Any CPU
		{F7418F9A-39FE-4F9A-897E-19C7243154E2}.DebugMono|x86.ActiveCfg = Debug|Any CPU
		{F7418F9A-39FE-4F9A-897E-19C7243154E2}.DebugMono|x86.Build.0 = Debug|Any CPU
		{F7418F9A-39FE-4F9A-897E-19C7243154E2}.Documentation|Any CPU.ActiveCfg = Debug|Any CPU
		{F7418F9A-39FE-4F9A-897E-19C7243154E2}.Documentation|Any CPU.Build.0 = Debug|Any CPU
		{F7418F9A-39FE-4F9A-897E-19C7243154E2}.Documentation|x86.ActiveCfg = Debug|Any CPU
		{F7418F9A-39FE-4F9A-897E-19C7243154E2}.Documentation|x86.Build.0 = Debug|Any CPU
		{F7418F9A-39FE-4F9A-897E-19C7243154E2}.Nsis|Any CPU.ActiveCfg = Release|Any CPU
		{F7418F9A-39FE-4F9A-897E-19C7243154E2}.Nsis|Any CPU.Build.0 = Release|Any CPU
		{F7418F9A-39FE-4F9A-897E-19C7243154E2}.Nsis|x86.ActiveCfg = Release|Any CPU
		{F7418F9A-39FE-4F9A-897E-19C7243154E2}.Nsis|x86.Build.0 = Release|Any CPU
		{F7418F9A-39FE-4F9A-897E-19C7243154E2}.Release|Any CPU.ActiveCfg = Release|Any CPU
		{F7418F9A-39FE-4F9A-897E-19C7243154E2}.Release|Any CPU.Build.0 = Release|Any CPU
		{F7418F9A-39FE-4F9A-897E-19C7243154E2}.Release|x86.ActiveCfg = Release|Any CPU
		{F7418F9A-39FE-4F9A-897E-19C7243154E2}.Release|x86.Build.0 = Release|Any CPU
		{F7418F9A-39FE-4F9A-897E-19C7243154E2}.ReleaseMono|Any CPU.ActiveCfg = Release|Any CPU
		{F7418F9A-39FE-4F9A-897E-19C7243154E2}.ReleaseMono|Any CPU.Build.0 = Release|Any CPU
		{F7418F9A-39FE-4F9A-897E-19C7243154E2}.ReleaseMono|x86.ActiveCfg = Release|Any CPU
		{F7418F9A-39FE-4F9A-897E-19C7243154E2}.ReleaseMono|x86.Build.0 = Release|Any CPU
		{3E429097-DAB1-45CF-9306-AF94416CDEAF}.Debug - Mono Strict|Any CPU.ActiveCfg = Debug|Any CPU
		{3E429097-DAB1-45CF-9306-AF94416CDEAF}.Debug - Mono Strict|Any CPU.Build.0 = Debug|Any CPU
		{3E429097-DAB1-45CF-9306-AF94416CDEAF}.Debug - Mono Strict|x86.ActiveCfg = Debug|Any CPU
		{3E429097-DAB1-45CF-9306-AF94416CDEAF}.Debug - Mono Strict|x86.Build.0 = Debug|Any CPU
		{3E429097-DAB1-45CF-9306-AF94416CDEAF}.Debug|Any CPU.ActiveCfg = Debug|Any CPU
		{3E429097-DAB1-45CF-9306-AF94416CDEAF}.Debug|Any CPU.Build.0 = Debug|Any CPU
		{3E429097-DAB1-45CF-9306-AF94416CDEAF}.Debug|x86.ActiveCfg = Debug|Any CPU
		{3E429097-DAB1-45CF-9306-AF94416CDEAF}.Debug|x86.Build.0 = Debug|Any CPU
		{3E429097-DAB1-45CF-9306-AF94416CDEAF}.DebugMono|Any CPU.ActiveCfg = Debug|Any CPU
		{3E429097-DAB1-45CF-9306-AF94416CDEAF}.DebugMono|Any CPU.Build.0 = Debug|Any CPU
		{3E429097-DAB1-45CF-9306-AF94416CDEAF}.DebugMono|x86.ActiveCfg = Debug|Any CPU
		{3E429097-DAB1-45CF-9306-AF94416CDEAF}.DebugMono|x86.Build.0 = Debug|Any CPU
		{3E429097-DAB1-45CF-9306-AF94416CDEAF}.Documentation|Any CPU.ActiveCfg = Debug|Any CPU
		{3E429097-DAB1-45CF-9306-AF94416CDEAF}.Documentation|Any CPU.Build.0 = Debug|Any CPU
		{3E429097-DAB1-45CF-9306-AF94416CDEAF}.Documentation|x86.ActiveCfg = Debug|Any CPU
		{3E429097-DAB1-45CF-9306-AF94416CDEAF}.Documentation|x86.Build.0 = Debug|Any CPU
		{3E429097-DAB1-45CF-9306-AF94416CDEAF}.Nsis|Any CPU.ActiveCfg = Release|Any CPU
		{3E429097-DAB1-45CF-9306-AF94416CDEAF}.Nsis|Any CPU.Build.0 = Release|Any CPU
		{3E429097-DAB1-45CF-9306-AF94416CDEAF}.Nsis|x86.ActiveCfg = Release|Any CPU
		{3E429097-DAB1-45CF-9306-AF94416CDEAF}.Nsis|x86.Build.0 = Release|Any CPU
		{3E429097-DAB1-45CF-9306-AF94416CDEAF}.Release|Any CPU.ActiveCfg = Release|Any CPU
		{3E429097-DAB1-45CF-9306-AF94416CDEAF}.Release|Any CPU.Build.0 = Release|Any CPU
		{3E429097-DAB1-45CF-9306-AF94416CDEAF}.Release|x86.ActiveCfg = Release|Any CPU
		{3E429097-DAB1-45CF-9306-AF94416CDEAF}.Release|x86.Build.0 = Release|Any CPU
		{3E429097-DAB1-45CF-9306-AF94416CDEAF}.ReleaseMono|Any CPU.ActiveCfg = Release|Any CPU
		{3E429097-DAB1-45CF-9306-AF94416CDEAF}.ReleaseMono|Any CPU.Build.0 = Release|Any CPU
		{3E429097-DAB1-45CF-9306-AF94416CDEAF}.ReleaseMono|x86.ActiveCfg = Release|Any CPU
		{3E429097-DAB1-45CF-9306-AF94416CDEAF}.ReleaseMono|x86.Build.0 = Release|Any CPU
	EndGlobalSection
	GlobalSection(SolutionProperties) = preSolution
		HideSolutionNode = FALSE
	EndGlobalSection
	GlobalSection(NestedProjects) = preSolution
		{00362684-FB0A-44FA-8EA5-9A8E3768DEC0} = {0143BB0F-4621-4F35-A83C-168FE4C2833A}
		{015D6682-10EE-4B67-968C-85D4D0C14E89} = {0143BB0F-4621-4F35-A83C-168FE4C2833A}
		{16BED5D6-F661-45AE-80F8-58BA0ABF3818} = {0143BB0F-4621-4F35-A83C-168FE4C2833A}
		{21514259-78EE-4F58-8355-ADD5E29B9D17} = {EA0FB9DB-CE3C-410F-B2DC-1C551791F3D8}
		{FD11F3A7-1F08-4D44-8198-FFC8BE2B6984} = {EA0FB9DB-CE3C-410F-B2DC-1C551791F3D8}
		{F7418F9A-39FE-4F9A-897E-19C7243154E2} = {EA0FB9DB-CE3C-410F-B2DC-1C551791F3D8}
	EndGlobalSection
	GlobalSection(ExtensibilityGlobals) = postSolution
		SolutionGuid = {D42664DF-8B48-404E-8B58-686AE3406E70}
	EndGlobalSection
	GlobalSection(MonoDevelopProperties) = preSolution
		Policies = $0
		$0.DotNetNamingPolicy = $1
		$1.DirectoryNamespaceAssociation = Hierarchical
		$0.StandardHeader = $2
		$0.VersionControlPolicy = $3
	EndGlobalSection
EndGlobal
